
Microsoft Visual Studio Solution File, Format Version 12.00
# Visual Studio Version 16
VisualStudioVersion = 16.0.30204.135
MinimumVisualStudioVersion = 10.0.40219.1
Project("{FAE04EC0-301F-11D3-BF4B-00C04F79EFBC}") = "ScottPlot.Reactive", "ScottPlot.Reactive\ScottPlot.Reactive.csproj", "{B4FC1D4D-CB6A-47F4-AA10-BD59D36642A0}"
EndProject
Project("{FAE04EC0-301F-11D3-BF4B-00C04F79EFBC}") = "ScottPlot.Reactive.Demo", "ScottPlot.Reactive.Demo\ScottPlot.Reactive.Demo.csproj", "{FC184577-8B54-47BA-9715-F6CC16FB97AA}"
EndProject
Project("{2150E333-8FDC-42A3-9474-1A3956D46DE8}") = "App", "App", "{353D975E-9C48-44AE-826F-7AFC78506A7B}"
EndProject
Global
	GlobalSection(SolutionConfigurationPlatforms) = preSolution
		Debug|Any CPU = Debug|Any CPU
		Release|Any CPU = Release|Any CPU
	EndGlobalSection
	GlobalSection(ProjectConfigurationPlatforms) = postSolution
		{B4FC1D4D-CB6A-47F4-AA10-BD59D36642A0}.Debug|Any CPU.ActiveCfg = Debug|Any CPU
		{B4FC1D4D-CB6A-47F4-AA10-BD59D36642A0}.Debug|Any CPU.Build.0 = Debug|Any CPU
		{B4FC1D4D-CB6A-47F4-AA10-BD59D36642A0}.Release|Any CPU.ActiveCfg = Release|Any CPU
		{B4FC1D4D-CB6A-47F4-AA10-BD59D36642A0}.Release|Any CPU.Build.0 = Release|Any CPU
		{FC184577-8B54-47BA-9715-F6CC16FB97AA}.Debug|Any CPU.ActiveCfg = Debug|Any CPU
		{FC184577-8B54-47BA-9715-F6CC16FB97AA}.Debug|Any CPU.Build.0 = Debug|Any CPU
		{FC184577-8B54-47BA-9715-F6CC16FB97AA}.Release|Any CPU.ActiveCfg = Release|Any CPU
		{FC184577-8B54-47BA-9715-F6CC16FB97AA}.Release|Any CPU.Build.0 = Release|Any CPU
	EndGlobalSection
	GlobalSection(SolutionProperties) = preSolution
		HideSolutionNode = FALSE
	EndGlobalSection
	GlobalSection(NestedProjects) = preSolution
		{FC184577-8B54-47BA-9715-F6CC16FB97AA} = {353D975E-9C48-44AE-826F-7AFC78506A7B}
	EndGlobalSection
	GlobalSection(ExtensibilityGlobals) = postSolution
		SolutionGuid = {3858E559-67BE-43AD-A9C3-4333D3CA4629}
	EndGlobalSection
EndGlobal
